
Microsoft Visual Studio Solution File, Format Version 12.00
# Visual Studio Version 17
VisualStudioVersion = 17.14.36429.23
MinimumVisualStudioVersion = 10.0.40219.1
Project("{FAE04EC0-301F-11D3-BF4B-00C04F79EFBC}") = "NumberBaseConverter", "NumberBaseConverter\NumberBaseConverter.csproj", "{E08DF041-46AE-4BC7-9860-2DE4A7CDB3A8}"
EndProject
Project("{FAE04EC0-301F-11D3-BF4B-00C04F79EFBC}") = "Service", "Service\Service.csproj", "{D65ABCB6-D962-4920-878C-E4FF0B46A07A}"
EndProject
Global
	GlobalSection(SolutionConfigurationPlatforms) = preSolution
		Debug|Any CPU = Debug|Any CPU
		Release|Any CPU = Release|Any CPU
	EndGlobalSection
	GlobalSection(ProjectConfigurationPlatforms) = postSolution
		{E08DF041-46AE-4BC7-9860-2DE4A7CDB3A8}.Debug|Any CPU.ActiveCfg = Debug|Any CPU
		{E08DF041-46AE-4BC7-9860-2DE4A7CDB3A8}.Debug|Any CPU.Build.0 = Debug|Any CPU
		{E08DF041-46AE-4BC7-9860-2DE4A7CDB3A8}.Release|Any CPU.ActiveCfg = Release|Any CPU
		{E08DF041-46AE-4BC7-9860-2DE4A7CDB3A8}.Release|Any CPU.Build.0 = Release|Any CPU
		{D65ABCB6-D962-4920-878C-E4FF0B46A07A}.Debug|Any CPU.ActiveCfg = Debug|Any CPU
		{D65ABCB6-D962-4920-878C-E4FF0B46A07A}.Debug|Any CPU.Build.0 = Debug|Any CPU
		{D65ABCB6-D962-4920-878C-E4FF0B46A07A}.Release|Any CPU.ActiveCfg = Release|Any CPU
		{D65ABCB6-D962-4920-878C-E4FF0B46A07A}.Release|Any CPU.Build.0 = Release|Any CPU
	EndGlobalSection
	GlobalSection(SolutionProperties) = preSolution
		HideSolutionNode = FALSE
	EndGlobalSection
	GlobalSection(ExtensibilityGlobals) = postSolution
		SolutionGuid = {F8BCBDF3-61A0-43AD-8A22-67F89B7FB71C}
	EndGlobalSection
EndGlobal
